// !$*UTF8*$!
{
	archiveVersion = 1;
	classes = {
	};
	objectVersion = 77;
	objects = {

/* Begin PBXContainerItemProxy section */
		FFBC6D222D84B903008BF90D /* PBXContainerItemProxy */ = {
			isa = PBXContainerItemProxy;
			containerPortal = FFBC6D092D84B902008BF90D /* Project object */;
			proxyType = 1;
			remoteGlobalIDString = FFBC6D102D84B902008BF90D;
			remoteInfo = SayfalarArasiGecisSwiftUI;
		};
		FFBC6D2C2D84B903008BF90D /* PBXContainerItemProxy */ = {
			isa = PBXContainerItemProxy;
			containerPortal = FFBC6D092D84B902008BF90D /* Project object */;
			proxyType = 1;
			remoteGlobalIDString = FFBC6D102D84B902008BF90D;
			remoteInfo = SayfalarArasiGecisSwiftUI;
		};
/* End PBXContainerItemProxy section */

/* Begin PBXFileReference section */
		FFBC6D112D84B902008BF90D /* SayfalarArasiGecisSwiftUI.app */ = {isa = PBXFileReference; explicitFileType = wrapper.application; includeInIndex = 0; path = SayfalarArasiGecisSwiftUI.app; sourceTree = BUILT_PRODUCTS_DIR; };
		FFBC6D212D84B903008BF90D /* SayfalarArasiGecisSwiftUITests.xctest */ = {isa = PBXFileReference; explicitFileType = wrapper.cfbundle; includeInIndex = 0; path = SayfalarArasiGecisSwiftUITests.xctest; sourceTree = BUILT_PRODUCTS_DIR; };
		FFBC6D2B2D84B903008BF90D /* SayfalarArasiGecisSwiftUIUITests.xctest */ = {isa = PBXFileReference; explicitFileType = wrapper.cfbundle; includeInIndex = 0; path = SayfalarArasiGecisSwiftUIUITests.xctest; sourceTree = BUILT_PRODUCTS_DIR; };
/* End PBXFileReference section */

/* Begin PBXFileSystemSynchronizedRootGroup section */
		FFBC6D132D84B902008BF90D /* SayfalarArasiGecisSwiftUI */ = {
			isa = PBXFileSystemSynchronizedRootGroup;
			path = SayfalarArasiGecisSwiftUI;
			sourceTree = "<group>";
		};
		FFBC6D242D84B903008BF90D /* SayfalarArasiGecisSwiftUITests */ = {
			isa = PBXFileSystemSynchronizedRootGroup;
			path = SayfalarArasiGecisSwiftUITests;
			sourceTree = "<group>";
		};
		FFBC6D2E2D84B903008BF90D /* SayfalarArasiGecisSwiftUIUITests */ = {
			isa = PBXFileSystemSynchronizedRootGroup;
			path = SayfalarArasiGecisSwiftUIUITests;
			sourceTree = "<group>";
		};
/* End PBXFileSystemSynchronizedRootGroup section */

/* Begin PBXFrameworksBuildPhase section */
		FFBC6D0E2D84B902008BF90D /* Frameworks */ = {
			isa = PBXFrameworksBuildPhase;
			buildActionMask = 2147483647;
			files = (
			);
			runOnlyForDeploymentPostprocessing = 0;
		};
		FFBC6D1E2D84B903008BF90D /* Frameworks */ = {
			isa = PBXFrameworksBuildPhase;
			buildActionMask = 2147483647;
			files = (
			);
			runOnlyForDeploymentPostprocessing = 0;
		};
		FFBC6D282D84B903008BF90D /* Frameworks */ = {
			isa = PBXFrameworksBuildPhase;
			buildActionMask = 2147483647;
			files = (
			);
			runOnlyForDeploymentPostprocessing = 0;
		};
/* End PBXFrameworksBuildPhase section */

/* Begin PBXGroup section */
		FFBC6D082D84B902008BF90D = {
			isa = PBXGroup;
			children = (
				FFBC6D132D84B902008BF90D /* SayfalarArasiGecisSwiftUI */,
				FFBC6D242D84B903008BF90D /* SayfalarArasiGecisSwiftUITests */,
				FFBC6D2E2D84B903008BF90D /* SayfalarArasiGecisSwiftUIUITests */,
				FFBC6D122D84B902008BF90D /* Products */,
			);
			sourceTree = "<group>";
		};
		FFBC6D122D84B902008BF90D /* Products */ = {
			isa = PBXGroup;
			children = (
				FFBC6D112D84B902008BF90D /* SayfalarArasiGecisSwiftUI.app */,
				FFBC6D212D84B903008BF90D /* SayfalarArasiGecisSwiftUITests.xctest */,
				FFBC6D2B2D84B903008BF90D /* SayfalarArasiGecisSwiftUIUITests.xctest */,
			);
			name = Products;
			sourceTree = "<group>";
		};
/* End PBXGroup section */

/* Begin PBXNativeTarget section */
		FFBC6D102D84B902008BF90D /* SayfalarArasiGecisSwiftUI */ = {
			isa = PBXNativeTarget;
			buildConfigurationList = FFBC6D352D84B903008BF90D /* Build configuration list for PBXNativeTarget "SayfalarArasiGecisSwiftUI" */;
			buildPhases = (
				FFBC6D0D2D84B902008BF90D /* Sources */,
				FFBC6D0E2D84B902008BF90D /* Frameworks */,
				FFBC6D0F2D84B902008BF90D /* Resources */,
			);
			buildRules = (
			);
			dependencies = (
			);
			fileSystemSynchronizedGroups = (
				FFBC6D132D84B902008BF90D /* SayfalarArasiGecisSwiftUI */,
			);
			name = SayfalarArasiGecisSwiftUI;
			packageProductDependencies = (
			);
			productName = SayfalarArasiGecisSwiftUI;
			productReference = FFBC6D112D84B902008BF90D /* SayfalarArasiGecisSwiftUI.app */;
			productType = "com.apple.product-type.application";
		};
		FFBC6D202D84B903008BF90D /* SayfalarArasiGecisSwiftUITests */ = {
			isa = PBXNativeTarget;
			buildConfigurationList = FFBC6D382D84B903008BF90D /* Build configuration list for PBXNativeTarget "SayfalarArasiGecisSwiftUITests" */;
			buildPhases = (
				FFBC6D1D2D84B903008BF90D /* Sources */,
				FFBC6D1E2D84B903008BF90D /* Frameworks */,
				FFBC6D1F2D84B903008BF90D /* Resources */,
			);
			buildRules = (
			);
			dependencies = (
				FFBC6D232D84B903008BF90D /* PBXTargetDependency */,
			);
			fileSystemSynchronizedGroups = (
				FFBC6D242D84B903008BF90D /* SayfalarArasiGecisSwiftUITests */,
			);
			name = SayfalarArasiGecisSwiftUITests;
			packageProductDependencies = (
			);
			productName = SayfalarArasiGecisSwiftUITests;
			productReference = FFBC6D212D84B903008BF90D /* SayfalarArasiGecisSwiftUITests.xctest */;
			productType = "com.apple.product-type.bundle.unit-test";
		};
		FFBC6D2A2D84B903008BF90D /* SayfalarArasiGecisSwiftUIUITests */ = {
			isa = PBXNativeTarget;
			buildConfigurationList = FFBC6D3B2D84B903008BF90D /* Build configuration list for PBXNativeTarget "SayfalarArasiGecisSwiftUIUITests" */;
			buildPhases = (
				FFBC6D272D84B903008BF90D /* Sources */,
				FFBC6D282D84B903008BF90D /* Frameworks */,
				FFBC6D292D84B903008BF90D /* Resources */,
			);
			buildRules = (
			);
			dependencies = (
				FFBC6D2D2D84B903008BF90D /* PBXTargetDependency */,
			);
			fileSystemSynchronizedGroups = (
				FFBC6D2E2D84B903008BF90D /* SayfalarArasiGecisSwiftUIUITests */,
			);
			name = SayfalarArasiGecisSwiftUIUITests;
			packageProductDependencies = (
			);
			productName = SayfalarArasiGecisSwiftUIUITests;
			productReference = FFBC6D2B2D84B903008BF90D /* SayfalarArasiGecisSwiftUIUITests.xctest */;
			productType = "com.apple.product-type.bundle.ui-testing";
		};
/* End PBXNativeTarget section */

/* Begin PBXProject section */
		FFBC6D092D84B902008BF90D /* Project object */ = {
			isa = PBXProject;
			attributes = {
				BuildIndependentTargetsInParallel = 1;
				LastSwiftUpdateCheck = 1620;
				LastUpgradeCheck = 1620;
				TargetAttributes = {
					FFBC6D102D84B902008BF90D = {
						CreatedOnToolsVersion = 16.2;
					};
					FFBC6D202D84B903008BF90D = {
						CreatedOnToolsVersion = 16.2;
						TestTargetID = FFBC6D102D84B902008BF90D;
					};
					FFBC6D2A2D84B903008BF90D = {
						CreatedOnToolsVersion = 16.2;
						TestTargetID = FFBC6D102D84B902008BF90D;
					};
				};
			};
			buildConfigurationList = FFBC6D0C2D84B902008BF90D /* Build configuration list for PBXProject "SayfalarArasiGecisSwiftUI" */;
			developmentRegion = en;
			hasScannedForEncodings = 0;
			knownRegions = (
				en,
				Base,
			);
			mainGroup = FFBC6D082D84B902008BF90D;
			minimizedProjectReferenceProxies = 1;
			preferredProjectObjectVersion = 77;
			productRefGroup = FFBC6D122D84B902008BF90D /* Products */;
			projectDirPath = "";
			projectRoot = "";
			targets = (
				FFBC6D102D84B902008BF90D /* SayfalarArasiGecisSwiftUI */,
				FFBC6D202D84B903008BF90D /* SayfalarArasiGecisSwiftUITests */,
				FFBC6D2A2D84B903008BF90D /* SayfalarArasiGecisSwiftUIUITests */,
			);
		};
/* End PBXProject section */

/* Begin PBXResourcesBuildPhase section */
		FFBC6D0F2D84B902008BF90D /* Resources */ = {
			isa = PBXResourcesBuildPhase;
			buildActionMask = 2147483647;
			files = (
			);
			runOnlyForDeploymentPostprocessing = 0;
		};
		FFBC6D1F2D84B903008BF90D /* Resources */ = {
			isa = PBXResourcesBuildPhase;
			buildActionMask = 2147483647;
			files = (
			);
			runOnlyForDeploymentPostprocessing = 0;
		};
		FFBC6D292D84B903008BF90D /* Resources */ = {
			isa = PBXResourcesBuildPhase;
			buildActionMask = 2147483647;
			files = (
			);
			runOnlyForDeploymentPostprocessing = 0;
		};
/* End PBXResourcesBuildPhase section */

/* Begin PBXSourcesBuildPhase section */
		FFBC6D0D2D84B902008BF90D /* Sources */ = {
			isa = PBXSourcesBuildPhase;
			buildActionMask = 2147483647;
			files = (
			);
			runOnlyForDeploymentPostprocessing = 0;
		};
		FFBC6D1D2D84B903008BF90D /* Sources */ = {
			isa = PBXSourcesBuildPhase;
			buildActionMask = 2147483647;
			files = (
			);
			runOnlyForDeploymentPostprocessing = 0;
		};
		FFBC6D272D84B903008BF90D /* Sources */ = {
			isa = PBXSourcesBuildPhase;
			buildActionMask = 2147483647;
			files = (
			);
			runOnlyForDeploymentPostprocessing = 0;
		};
/* End PBXSourcesBuildPhase section */

/* Begin PBXTargetDependency section */
		FFBC6D232D84B903008BF90D /* PBXTargetDependency */ = {
			isa = PBXTargetDependency;
			target = FFBC6D102D84B902008BF90D /* SayfalarArasiGecisSwiftUI */;
			targetProxy = FFBC6D222D84B903008BF90D /* PBXContainerItemProxy */;
		};
		FFBC6D2D2D84B903008BF90D /* PBXTargetDependency */ = {
			isa = PBXTargetDependency;
			target = FFBC6D102D84B902008BF90D /* SayfalarArasiGecisSwiftUI */;
			targetProxy = FFBC6D2C2D84B903008BF90D /* PBXContainerItemProxy */;
		};
/* End PBXTargetDependency section */

/* Begin XCBuildConfiguration section */
		FFBC6D332D84B903008BF90D /* Debug */ = {
			isa = XCBuildConfiguration;
			buildSettings = {
				ALWAYS_SEARCH_USER_PATHS = NO;
				ASSETCATALOG_COMPILER_GENERATE_SWIFT_ASSET_SYMBOL_EXTENSIONS = YES;
				CLANG_ANALYZER_NONNULL = YES;
				CLANG_ANALYZER_NUMBER_OBJECT_CONVERSION = YES_AGGRESSIVE;
				CLANG_CXX_LANGUAGE_STANDARD = "gnu++20";
				CLANG_ENABLE_MODULES = YES;
				CLANG_ENABLE_OBJC_ARC = YES;
				CLANG_ENABLE_OBJC_WEAK = YES;
				CLANG_WARN_BLOCK_CAPTURE_AUTORELEASING = YES;
				CLANG_WARN_BOOL_CONVERSION = YES;
				CLANG_WARN_COMMA = YES;
				CLANG_WARN_CONSTANT_CONVERSION = YES;
				CLANG_WARN_DEPRECATED_OBJC_IMPLEMENTATIONS = YES;
				CLANG_WARN_DIRECT_OBJC_ISA_USAGE = YES_ERROR;
				CLANG_WARN_DOCUMENTATION_COMMENTS = YES;
				CLANG_WARN_EMPTY_BODY = YES;
				CLANG_WARN_ENUM_CONVERSION = YES;
				CLANG_WARN_INFINITE_RECURSION = YES;
				CLANG_WARN_INT_CONVERSION = YES;
				CLANG_WARN_NON_LITERAL_NULL_CONVERSION = YES;
				CLANG_WARN_OBJC_IMPLICIT_RETAIN_SELF = YES;
				CLANG_WARN_OBJC_LITERAL_CONVERSION = YES;
				CLANG_WARN_OBJC_ROOT_CLASS = YES_ERROR;
				CLANG_WARN_QUOTED_INCLUDE_IN_FRAMEWORK_HEADER = YES;
				CLANG_WARN_RANGE_LOOP_ANALYSIS = YES;
				CLANG_WARN_STRICT_PROTOTYPES = YES;
				CLANG_WARN_SUSPICIOUS_MOVE = YES;
				CLANG_WARN_UNGUARDED_AVAILABILITY = YES_AGGRESSIVE;
				CLANG_WARN_UNREACHABLE_CODE = YES;
				CLANG_WARN__DUPLICATE_METHOD_MATCH = YES;
				COPY_PHASE_STRIP = NO;
				DEBUG_INFORMATION_FORMAT = dwarf;
				ENABLE_STRICT_OBJC_MSGSEND = YES;
				ENABLE_TESTABILITY = YES;
				ENABLE_USER_SCRIPT_SANDBOXING = YES;
				GCC_C_LANGUAGE_STANDARD = gnu17;
				GCC_DYNAMIC_NO_PIC = NO;
				GCC_NO_COMMON_BLOCKS = YES;
				GCC_OPTIMIZATION_LEVEL = 0;
				GCC_PREPROCESSOR_DEFINITIONS = (
					"DEBUG=1",
					"$(inherited)",
				);
				GCC_WARN_64_TO_32_BIT_CONVERSION = YES;
				GCC_WARN_ABOUT_RETURN_TYPE = YES_ERROR;
				GCC_WARN_UNDECLARED_SELECTOR = YES;
				GCC_WARN_UNINITIALIZED_AUTOS = YES_AGGRESSIVE;
				GCC_WARN_UNUSED_FUNCTION = YES;
				GCC_WARN_UNUSED_VARIABLE = YES;
				IPHONEOS_DEPLOYMENT_TARGET = 18.2;
				LOCALIZATION_PREFERS_STRING_CATALOGS = YES;
				MTL_ENABLE_DEBUG_INFO = INCLUDE_SOURCE;
				MTL_FAST_MATH = YES;
				ONLY_ACTIVE_ARCH = YES;
				SDKROOT = iphoneos;
				SWIFT_ACTIVE_COMPILATION_CONDITIONS = "DEBUG $(inherited)";
				SWIFT_OPTIMIZATION_LEVEL = "-Onone";
			};
			name = Debug;
		};
		FFBC6D342D84B903008BF90D /* Release */ = {
			isa = XCBuildConfiguration;
			buildSettings = {
				ALWAYS_SEARCH_USER_PATHS = NO;
				ASSETCATALOG_COMPILER_GENERATE_SWIFT_ASSET_SYMBOL_EXTENSIONS = YES;
				CLANG_ANALYZER_NONNULL = YES;
				CLANG_ANALYZER_NUMBER_OBJECT_CONVERSION = YES_AGGRESSIVE;
				CLANG_CXX_LANGUAGE_STANDARD = "gnu++20";
				CLANG_ENABLE_MODULES = YES;
				CLANG_ENABLE_OBJC_ARC = YES;
				CLANG_ENABLE_OBJC_WEAK = YES;
				CLANG_WARN_BLOCK_CAPTURE_AUTORELEASING = YES;
				CLANG_WARN_BOOL_CONVERSION = YES;
				CLANG_WARN_COMMA = YES;
				CLANG_WARN_CONSTANT_CONVERSION = YES;
				CLANG_WARN_DEPRECATED_OBJC_IMPLEMENTATIONS = YES;
				CLANG_WARN_DIRECT_OBJC_ISA_USAGE = YES_ERROR;
				CLANG_WARN_DOCUMENTATION_COMMENTS = YES;
				CLANG_WARN_EMPTY_BODY = YES;
				CLANG_WARN_ENUM_CONVERSION = YES;
				CLANG_WARN_INFINITE_RECURSION = YES;
				CLANG_WARN_INT_CONVERSION = YES;
				CLANG_WARN_NON_LITERAL_NULL_CONVERSION = YES;
				CLANG_WARN_OBJC_IMPLICIT_RETAIN_SELF = YES;
				CLANG_WARN_OBJC_LITERAL_CONVERSION = YES;
				CLANG_WARN_OBJC_ROOT_CLASS = YES_ERROR;
				CLANG_WARN_QUOTED_INCLUDE_IN_FRAMEWORK_HEADER = YES;
				CLANG_WARN_RANGE_LOOP_ANALYSIS = YES;
				CLANG_WARN_STRICT_PROTOTYPES = YES;
				CLANG_WARN_SUSPICIOUS_MOVE = YES;
				CLANG_WARN_UNGUARDED_AVAILABILITY = YES_AGGRESSIVE;
				CLANG_WARN_UNREACHABLE_CODE = YES;
				CLANG_WARN__DUPLICATE_METHOD_MATCH = YES;
				COPY_PHASE_STRIP = NO;
				DEBUG_INFORMATION_FORMAT = "dwarf-with-dsym";
				ENABLE_NS_ASSERTIONS = NO;
				ENABLE_STRICT_OBJC_MSGSEND = YES;
				ENABLE_USER_SCRIPT_SANDBOXING = YES;
				GCC_C_LANGUAGE_STANDARD = gnu17;
				GCC_NO_COMMON_BLOCKS = YES;
				GCC_WARN_64_TO_32_BIT_CONVERSION = YES;
				GCC_WARN_ABOUT_RETURN_TYPE = YES_ERROR;
				GCC_WARN_UNDECLARED_SELECTOR = YES;
				GCC_WARN_UNINITIALIZED_AUTOS = YES_AGGRESSIVE;
				GCC_WARN_UNUSED_FUNCTION = YES;
				GCC_WARN_UNUSED_VARIABLE = YES;
				IPHONEOS_DEPLOYMENT_TARGET = 18.2;
				LOCALIZATION_PREFERS_STRING_CATALOGS = YES;
				MTL_ENABLE_DEBUG_INFO = NO;
				MTL_FAST_MATH = YES;
				SDKROOT = iphoneos;
				SWIFT_COMPILATION_MODE = wholemodule;
				VALIDATE_PRODUCT = YES;
			};
			name = Release;
		};
		FFBC6D362D84B903008BF90D /* Debug */ = {
			isa = XCBuildConfiguration;
			buildSettings = {
				ASSETCATALOG_COMPILER_APPICON_NAME = AppIcon;
				ASSETCATALOG_COMPILER_GLOBAL_ACCENT_COLOR_NAME = AccentColor;
				CODE_SIGN_STYLE = Automatic;
				CURRENT_PROJECT_VERSION = 1;
				DEVELOPMENT_ASSET_PATHS = "\"SayfalarArasiGecisSwiftUI/Preview Content\"";
				DEVELOPMENT_TEAM = T985K3P4V7;
				ENABLE_PREVIEWS = YES;
				GENERATE_INFOPLIST_FILE = YES;
				INFOPLIST_KEY_UIApplicationSceneManifest_Generation = YES;
				INFOPLIST_KEY_UIApplicationSupportsIndirectInputEvents = YES;
				INFOPLIST_KEY_UILaunchScreen_Generation = YES;
				INFOPLIST_KEY_UISupportedInterfaceOrientations_iPad = "UIInterfaceOrientationPortrait UIInterfaceOrientationPortraitUpsideDown UIInterfaceOrientationLandscapeLeft UIInterfaceOrientationLandscapeRight";
				INFOPLIST_KEY_UISupportedInterfaceOrientations_iPhone = "UIInterfaceOrientationPortrait UIInterfaceOrientationLandscapeLeft UIInterfaceOrientationLandscapeRight";
				LD_RUNPATH_SEARCH_PATHS = (
					"$(inherited)",
					"@executable_path/Frameworks",
				);
				MARKETING_VERSION = 1.0;
				PRODUCT_BUNDLE_IDENTIFIER = com.omerapaydin.SayfalarArasiGecisSwiftUI;
				PRODUCT_NAME = "$(TARGET_NAME)";
				SWIFT_EMIT_LOC_STRINGS = YES;
				SWIFT_VERSION = 5.0;
				TARGETED_DEVICE_FAMILY = "1,2";
			};
			name = Debug;
		};
		FFBC6D372D84B903008BF90D /* Release */ = {
			isa = XCBuildConfiguration;
			buildSettings = {
				ASSETCATALOG_COMPILER_APPICON_NAME = AppIcon;
				ASSETCATALOG_COMPILER_GLOBAL_ACCENT_COLOR_NAME = AccentColor;
				CODE_SIGN_STYLE = Automatic;
				CURRENT_PROJECT_VERSION = 1;
				DEVELOPMENT_ASSET_PATHS = "\"SayfalarArasiGecisSwiftUI/Preview Content\"";
				DEVELOPMENT_TEAM = T985K3P4V7;
				ENABLE_PREVIEWS = YES;
				GENERATE_INFOPLIST_FILE = YES;
				INFOPLIST_KEY_UIApplicationSceneManifest_Generation = YES;
				INFOPLIST_KEY_UIApplicationSupportsIndirectInputEvents = YES;
				INFOPLIST_KEY_UILaunchScreen_Generation = YES;
				INFOPLIST_KEY_UISupportedInterfaceOrientations_iPad = "UIInterfaceOrientationPortrait UIInterfaceOrientationPortraitUpsideDown UIInterfaceOrientationLandscapeLeft UIInterfaceOrientationLandscapeRight";
				INFOPLIST_KEY_UISupportedInterfaceOrientations_iPhone = "UIInterfaceOrientationPortrait UIInterfaceOrientationLandscapeLeft UIInterfaceOrientationLandscapeRight";
				LD_RUNPATH_SEARCH_PATHS = (
					"$(inherited)",
					"@executable_path/Frameworks",
				);
				MARKETING_VERSION = 1.0;
				PRODUCT_BUNDLE_IDENTIFIER = com.omerapaydin.SayfalarArasiGecisSwiftUI;
				PRODUCT_NAME = "$(TARGET_NAME)";
				SWIFT_EMIT_LOC_STRINGS = YES;
				SWIFT_VERSION = 5.0;
				TARGETED_DEVICE_FAMILY = "1,2";
			};
			name = Release;
		};
		FFBC6D392D84B903008BF90D /* Debug */ = {
			isa = XCBuildConfiguration;
			buildSettings = {
				BUNDLE_LOADER = "$(TEST_HOST)";
				CODE_SIGN_STYLE = Automatic;
				CURRENT_PROJECT_VERSION = 1;
				DEVELOPMENT_TEAM = T985K3P4V7;
				GENERATE_INFOPLIST_FILE = YES;
				IPHONEOS_DEPLOYMENT_TARGET = 18.2;
				MARKETING_VERSION = 1.0;
				PRODUCT_BUNDLE_IDENTIFIER = com.omerapaydin.SayfalarArasiGecisSwiftUITests;
				PRODUCT_NAME = "$(TARGET_NAME)";
				SWIFT_EMIT_LOC_STRINGS = NO;
				SWIFT_VERSION = 5.0;
				TARGETED_DEVICE_FAMILY = "1,2";
				TEST_HOST = "$(BUILT_PRODUCTS_DIR)/SayfalarArasiGecisSwiftUI.app/$(BUNDLE_EXECUTABLE_FOLDER_PATH)/SayfalarArasiGecisSwiftUI";
			};
			name = Debug;
		};
		FFBC6D3A2D84B903008BF90D /* Release */ = {
			isa = XCBuildConfiguration;
			buildSettings = {
				BUNDLE_LOADER = "$(TEST_HOST)";
				CODE_SIGN_STYLE = Automatic;
				CURRENT_PROJECT_VERSION = 1;
				DEVELOPMENT_TEAM = T985K3P4V7;
				GENERATE_INFOPLIST_FILE = YES;
				IPHONEOS_DEPLOYMENT_TARGET = 18.2;
				MARKETING_VERSION = 1.0;
				PRODUCT_BUNDLE_IDENTIFIER = com.omerapaydin.SayfalarArasiGecisSwiftUITests;
				PRODUCT_NAME = "$(TARGET_NAME)";
				SWIFT_EMIT_LOC_STRINGS = NO;
				SWIFT_VERSION = 5.0;
				TARGETED_DEVICE_FAMILY = "1,2";
				TEST_HOST = "$(BUILT_PRODUCTS_DIR)/SayfalarArasiGecisSwiftUI.app/$(BUNDLE_EXECUTABLE_FOLDER_PATH)/SayfalarArasiGecisSwiftUI";
			};
			name = Release;
		};
		FFBC6D3C2D84B903008BF90D /* Debug */ = {
			isa = XCBuildConfiguration;
			buildSettings = {
				CODE_SIGN_STYLE = Automatic;
				CURRENT_PROJECT_VERSION = 1;
				DEVELOPMENT_TEAM = T985K3P4V7;
				GENERATE_INFOPLIST_FILE = YES;
				MARKETING_VERSION = 1.0;
				PRODUCT_BUNDLE_IDENTIFIER = com.omerapaydin.SayfalarArasiGecisSwiftUIUITests;
				PRODUCT_NAME = "$(TARGET_NAME)";
				SWIFT_EMIT_LOC_STRINGS = NO;
				SWIFT_VERSION = 5.0;
				TARGETED_DEVICE_FAMILY = "1,2";
				TEST_TARGET_NAME = SayfalarArasiGecisSwiftUI;
			};
			name = Debug;
		};
		FFBC6D3D2D84B903008BF90D /* Release */ = {
			isa = XCBuildConfiguration;
			buildSettings = {
				CODE_SIGN_STYLE = Automatic;
				CURRENT_PROJECT_VERSION = 1;
				DEVELOPMENT_TEAM = T985K3P4V7;
				GENERATE_INFOPLIST_FILE = YES;
				MARKETING_VERSION = 1.0;
				PRODUCT_BUNDLE_IDENTIFIER = com.omerapaydin.SayfalarArasiGecisSwiftUIUITests;
				PRODUCT_NAME = "$(TARGET_NAME)";
				SWIFT_EMIT_LOC_STRINGS = NO;
				SWIFT_VERSION = 5.0;
				TARGETED_DEVICE_FAMILY = "1,2";
				TEST_TARGET_NAME = SayfalarArasiGecisSwiftUI;
			};
			name = Release;
		};
/* End XCBuildConfiguration section */

/* Begin XCConfigurationList section */
		FFBC6D0C2D84B902008BF90D /* Build configuration list for PBXProject "SayfalarArasiGecisSwiftUI" */ = {
			isa = XCConfigurationList;
			buildConfigurations = (
				FFBC6D332D84B903008BF90D /* Debug */,
				FFBC6D342D84B903008BF90D /* Release */,
			);
			defaultConfigurationIsVisible = 0;
			defaultConfigurationName = Release;
		};
		FFBC6D352D84B903008BF90D /* Build configuration list for PBXNativeTarget "SayfalarArasiGecisSwiftUI" */ = {
			isa = XCConfigurationList;
			buildConfigurations = (
				FFBC6D362D84B903008BF90D /* Debug */,
				FFBC6D372D84B903008BF90D /* Release */,
			);
			defaultConfigurationIsVisible = 0;
			defaultConfigurationName = Release;
		};
		FFBC6D382D84B903008BF90D /* Build configuration list for PBXNativeTarget "SayfalarArasiGecisSwiftUITests" */ = {
			isa = XCConfigurationList;
			buildConfigurations = (
				FFBC6D392D84B903008BF90D /* Debug */,
				FFBC6D3A2D84B903008BF90D /* Release */,
			);
			defaultConfigurationIsVisible = 0;
			defaultConfigurationName = Release;
		};
		FFBC6D3B2D84B903008BF90D /* Build configuration list for PBXNativeTarget "SayfalarArasiGecisSwiftUIUITests" */ = {
			isa = XCConfigurationList;
			buildConfigurations = (
				FFBC6D3C2D84B903008BF90D /* Debug */,
				FFBC6D3D2D84B903008BF90D /* Release */,
			);
			defaultConfigurationIsVisible = 0;
			defaultConfigurationName = Release;
		};
/* End XCConfigurationList section */
	};
	rootObject = FFBC6D092D84B902008BF90D /* Project object */;
}
